Microsoft Visual Studio Solution File, Format Version 12.00
# Visual Studio Version 17
Project("{2150E333-8FDC-42A3-9474-1A3956D46DE8}") = "src", "src", "{D0000000-0000-0000-0000-000000000007}"
EndProject
Project("{2150E333-8FDC-42A3-9474-1A3956D46DE8}") = "tests", "tests", "{D0000000-0000-0000-0000-000000000008}"
EndProject
Project("{FAE04EC0-301F-11D3-BF4B-00C04F79EFBC}") = "JobTrackr.Domain", "src\JobTrackr.Domain\JobTrackr.Domain.csproj", "{D0000000-0000-0000-0000-000000000001}"
EndProject
Project("{FAE04EC0-301F-11D3-BF4B-00C04F79EFBC}") = "JobTrackr.Application", "src\JobTrackr.Application\JobTrackr.Application.csproj", "{D0000000-0000-0000-0000-000000000002}"
EndProject
Project("{FAE04EC0-301F-11D3-BF4B-00C04F79EFBC}") = "JobTrackr.Infrastructure", "src\JobTrackr.Infrastructure\JobTrackr.Infrastructure.csproj", "{D0000000-0000-0000-0000-000000000003}"
EndProject
Project("{FAE04EC0-301F-11D3-BF4B-00C04F79EFBC}") = "JobTrackr.Api", "src\JobTrackr.Api\JobTrackr.Api.csproj", "{D0000000-0000-0000-0000-000000000004}"
EndProject
Project("{FAE04EC0-301F-11D3-BF4B-00C04F79EFBC}") = "JobTrackr.UnitTests", "tests\JobTrackr.UnitTests\JobTrackr.UnitTests.csproj", "{D0000000-0000-0000-0000-000000000005}"
EndProject
Project("{FAE04EC0-301F-11D3-BF4B-00C04F79EFBC}") = "JobTrackr.IntegrationTests", "tests\JobTrackr.IntegrationTests\JobTrackr.IntegrationTests.csproj", "{D0000000-0000-0000-0000-000000000006}"
EndProject
Global
	GlobalSection(SolutionConfigurationPlatforms) = preSolution
		Debug|Any CPU = Debug|Any CPU
		Release|Any CPU = Release|Any CPU
	EndGlobalSection
	GlobalSection(ProjectConfigurationPlatforms) = postSolution
		{D0000000-0000-0000-0000-000000000001}.Debug|Any CPU.ActiveCfg = Debug|Any CPU
		{D0000000-0000-0000-0000-000000000001}.Debug|Any CPU.Build.0 = Debug|Any CPU
		{D0000000-0000-0000-0000-000000000001}.Release|Any CPU.ActiveCfg = Release|Any CPU
		{D0000000-0000-0000-0000-000000000001}.Release|Any CPU.Build.0 = Release|Any CPU
		{D0000000-0000-0000-0000-000000000002}.Debug|Any CPU.ActiveCfg = Debug|Any CPU
		{D0000000-0000-0000-0000-000000000002}.Debug|Any CPU.Build.0 = Debug|Any CPU
		{D0000000-0000-0000-0000-000000000002}.Release|Any CPU.ActiveCfg = Release|Any CPU
		{D0000000-0000-0000-0000-000000000002}.Release|Any CPU.Build.0 = Release|Any CPU
		{D0000000-0000-0000-0000-000000000003}.Debug|Any CPU.ActiveCfg = Debug|Any CPU
		{D0000000-0000-0000-0000-000000000003}.Debug|Any CPU.Build.0 = Debug|Any CPU
		{D0000000-0000-0000-0000-000000000003}.Release|Any CPU.ActiveCfg = Release|Any CPU
		{D0000000-0000-0000-0000-000000000003}.Release|Any CPU.Build.0 = Release|Any CPU
		{D0000000-0000-0000-0000-000000000004}.Debug|Any CPU.ActiveCfg = Debug|Any CPU
		{D0000000-0000-0000-0000-000000000004}.Debug|Any CPU.Build.0 = Debug|Any CPU
		{D0000000-0000-0000-0000-000000000004}.Release|Any CPU.ActiveCfg = Release|Any CPU
		{D0000000-0000-0000-0000-000000000004}.Release|Any CPU.Build.0 = Release|Any CPU
		{D0000000-0000-0000-0000-000000000005}.Debug|Any CPU.ActiveCfg = Debug|Any CPU
		{D0000000-0000-0000-0000-000000000005}.Debug|Any CPU.Build.0 = Debug|Any CPU
		{D0000000-0000-0000-0000-000000000005}.Release|Any CPU.ActiveCfg = Release|Any CPU
		{D0000000-0000-0000-0000-000000000005}.Release|Any CPU.Build.0 = Release|Any CPU
		{D0000000-0000-0000-0000-000000000006}.Debug|Any CPU.ActiveCfg = Debug|Any CPU
		{D0000000-0000-0000-0000-000000000006}.Debug|Any CPU.Build.0 = Debug|Any CPU
		{D0000000-0000-0000-0000-000000000006}.Release|Any CPU.ActiveCfg = Release|Any CPU
		{D0000000-0000-0000-0000-000000000006}.Release|Any CPU.Build.0 = Release|Any CPU
	EndGlobalSection
	GlobalSection(NestedProjects) = preSolution
		{D0000000-0000-0000-0000-000000000001} = {D0000000-0000-0000-0000-000000000007}
		{D0000000-0000-0000-0000-000000000002} = {D0000000-0000-0000-0000-000000000007}
		{D0000000-0000-0000-0000-000000000003} = {D0000000-0000-0000-0000-000000000007}
		{D0000000-0000-0000-0000-000000000004} = {D0000000-0000-0000-0000-000000000007}
		{D0000000-0000-0000-0000-000000000005} = {D0000000-0000-0000-0000-000000000008}
		{D0000000-0000-0000-0000-000000000006} = {D0000000-0000-0000-0000-000000000008}
	EndGlobalSection
EndGlobal
